// !$*UTF8*$!
{
	archiveVersion = 1;
	classes = {
	};
	objectVersion = 50;
	objects = {

/* Begin PBXBuildFile section */
		0C4E43D926481B6D0048482C /* AppDelegate.swift in Sources */ = {isa = PBXBuildFile; fileRef = 0C4E43D826481B6D0048482C /* AppDelegate.swift */; };
		0C4E43DB26481B6D0048482C /* SceneDelegate.swift in Sources */ = {isa = PBXBuildFile; fileRef = 0C4E43DA26481B6D0048482C /* SceneDelegate.swift */; };
		0C4E43DD26481B6D0048482C /* ViewController.swift in Sources */ = {isa = PBXBuildFile; fileRef = 0C4E43DC26481B6D0048482C /* ViewController.swift */; };
		0C4E43E026481B6D0048482C /* Main.storyboard in Resources */ = {isa = PBXBuildFile; fileRef = 0C4E43DE26481B6D0048482C /* Main.storyboard */; };
		0C4E43E226481B6F0048482C /* Assets.xcassets in Resources */ = {isa = PBXBuildFile; fileRef = 0C4E43E126481B6F0048482C /* Assets.xcassets */; };
		0C4E43E526481B6F0048482C /* LaunchScreen.storyboard in Resources */ = {isa = PBXBuildFile; fileRef = 0C4E43E326481B6F0048482C /* LaunchScreen.storyboard */; };
		0C4E43F026481B6F0048482C /* GachaTests.swift in Sources */ = {isa = PBXBuildFile; fileRef = 0C4E43EF26481B6F0048482C /* GachaTests.swift */; };
		0C4E43FB26481B6F0048482C /* GachaUITests.swift in Sources */ = {isa = PBXBuildFile; fileRef = 0C4E43FA26481B6F0048482C /* GachaUITests.swift */; };
		0C4E441926481BED0048482C /* bg_blue@2x.png in Resources */ = {isa = PBXBuildFile; fileRef = 0C4E440A26481BED0048482C /* bg_blue@2x.png */; };
		0C4E441A26481BED0048482C /* bg_gold@2x.png in Resources */ = {isa = PBXBuildFile; fileRef = 0C4E440B26481BED0048482C /* bg_gold@2x.png */; };
		0C4E441B26481BED0048482C /* gacha@2x.png in Resources */ = {isa = PBXBuildFile; fileRef = 0C4E440C26481BED0048482C /* gacha@2x.png */; };
		0C4E441C26481BED0048482C /* bg_red@2x.png in Resources */ = {isa = PBXBuildFile; fileRef = 0C4E440D26481BED0048482C /* bg_red@2x.png */; };
		0C4E441D26481BED0048482C /* monster005.png in Resources */ = {isa = PBXBuildFile; fileRef = 0C4E440F26481BED0048482C /* monster005.png */; };
		0C4E441E26481BED0048482C /* monster010.png in Resources */ = {isa = PBXBuildFile; fileRef = 0C4E441026481BED0048482C /* monster010.png */; };
		0C4E441F26481BED0048482C /* monster004.png in Resources */ = {isa = PBXBuildFile; fileRef = 0C4E441126481BED0048482C /* monster004.png */; };
		0C4E442026481BED0048482C /* monster006.png in Resources */ = {isa = PBXBuildFile; fileRef = 0C4E441226481BED0048482C /* monster006.png */; };
		0C4E442126481BED0048482C /* monster007.png in Resources */ = {isa = PBXBuildFile; fileRef = 0C4E441326481BED0048482C /* monster007.png */; };
		0C4E442226481BED0048482C /* monster003.png in Resources */ = {isa = PBXBuildFile; fileRef = 0C4E441426481BED0048482C /* monster003.png */; };
		0C4E442326481BED0048482C /* monster002.png in Resources */ = {isa = PBXBuildFile; fileRef = 0C4E441526481BED0048482C /* monster002.png */; };
		0C4E442426481BED0048482C /* monster001.png in Resources */ = {isa = PBXBuildFile; fileRef = 0C4E441626481BED0048482C /* monster001.png */; };
		0C4E442526481BED0048482C /* monster009.png in Resources */ = {isa = PBXBuildFile; fileRef = 0C4E441726481BED0048482C /* monster009.png */; };
		0C4E442626481BED0048482C /* monster008.png in Resources */ = {isa = PBXBuildFile; fileRef = 0C4E441826481BED0048482C /* monster008.png */; };
		0C4E442826481E1E0048482C /* ResultViewController.swift in Sources */ = {isa = PBXBuildFile; fileRef = 0C4E442726481E1E0048482C /* ResultViewController.swift */; };
/* End PBXBuildFile section */

/* Begin PBXContainerItemProxy section */
		0C4E43EC26481B6F0048482C /* PBXContainerItemProxy */ = {
			isa = PBXContainerItemProxy;
			containerPortal = 0C4E43CD26481B6D0048482C /* Project object */;
			proxyType = 1;
			remoteGlobalIDString = 0C4E43D426481B6D0048482C;
			remoteInfo = Gacha;
		};
		0C4E43F726481B6F0048482C /* PBXContainerItemProxy */ = {
			isa = PBXContainerItemProxy;
			containerPortal = 0C4E43CD26481B6D0048482C /* Project object */;
			proxyType = 1;
			remoteGlobalIDString = 0C4E43D426481B6D0048482C;
			remoteInfo = Gacha;
		};
/* End PBXContainerItemProxy section */

/* Begin PBXFileReference section */
		0C4E43D526481B6D0048482C /* Gacha.app */ = {isa = PBXFileReference; explicitFileType = wrapper.application; includeInIndex = 0; path = Gacha.app; sourceTree = BUILT_PRODUCTS_DIR; };
		0C4E43D826481B6D0048482C /* AppDelegate.swift */ = {isa = PBXFileReference; lastKnownFileType = sourcecode.swift; path = AppDelegate.swift; sourceTree = "<group>"; };
		0C4E43DA26481B6D0048482C /* SceneDelegate.swift */ = {isa = PBXFileReference; lastKnownFileType = sourcecode.swift; path = SceneDelegate.swift; sourceTree = "<group>"; };
		0C4E43DC26481B6D0048482C /* ViewController.swift */ = {isa = PBXFileReference; lastKnownFileType = sourcecode.swift; path = ViewController.swift; sourceTree = "<group>"; };
		0C4E43DF26481B6D0048482C /* Base */ = {isa = PBXFileReference; lastKnownFileType = file.storyboard; name = Base; path = Base.lproj/Main.storyboard; sourceTree = "<group>"; };
		0C4E43E126481B6F0048482C /* Assets.xcassets */ = {isa = PBXFileReference; lastKnownFileType = folder.assetcatalog; path = Assets.xcassets; sourceTree = "<group>"; };
		0C4E43E426481B6F0048482C /* Base */ = {isa = PBXFileReference; lastKnownFileType = file.storyboard; name = Base; path = Base.lproj/LaunchScreen.storyboard; sourceTree = "<group>"; };
		0C4E43E626481B6F0048482C /* Info.plist */ = {isa = PBXFileReference; lastKnownFileType = text.plist.xml; path = Info.plist; sourceTree = "<group>"; };
		0C4E43EB26481B6F0048482C /* GachaTests.xctest */ = {isa = PBXFileReference; explicitFileType = wrapper.cfbundle; includeInIndex = 0; path = GachaTests.xctest; sourceTree = BUILT_PRODUCTS_DIR; };
		0C4E43EF26481B6F0048482C /* GachaTests.swift */ = {isa = PBXFileReference; lastKnownFileType = sourcecode.swift; path = GachaTests.swift; sourceTree = "<group>"; };
		0C4E43F126481B6F0048482C /* Info.plist */ = {isa = PBXFileReference; lastKnownFileType = text.plist.xml; path = Info.plist; sourceTree = "<group>"; };
		0C4E43F626481B6F0048482C /* GachaUITests.xctest */ = {isa = PBXFileReference; explicitFileType = wrapper.cfbundle; includeInIndex = 0; path = GachaUITests.xctest; sourceTree = BUILT_PRODUCTS_DIR; };
		0C4E43FA26481B6F0048482C /* GachaUITests.swift */ = {isa = PBXFileReference; lastKnownFileType = sourcecode.swift; path = GachaUITests.swift; sourceTree = "<group>"; };
		0C4E43FC26481B6F0048482C /* Info.plist */ = {isa = PBXFileReference; lastKnownFileType = text.plist.xml; path = Info.plist; sourceTree = "<group>"; };
		0C4E440A26481BED0048482C /* bg_blue@2x.png */ = {isa = PBXFileReference; lastKnownFileType = image.png; path = "bg_blue@2x.png"; sourceTree = "<group>"; };
		0C4E440B26481BED0048482C /* bg_gold@2x.png */ = {isa = PBXFileReference; lastKnownFileType = image.png; path = "bg_gold@2x.png"; sourceTree = "<group>"; };
		0C4E440C26481BED0048482C /* gacha@2x.png */ = {isa = PBXFileReference; lastKnownFileType = image.png; path = "gacha@2x.png"; sourceTree = "<group>"; };
		0C4E440D26481BED0048482C /* bg_red@2x.png */ = {isa = PBXFileReference; lastKnownFileType = image.png; path = "bg_red@2x.png"; sourceTree = "<group>"; };
		0C4E440F26481BED0048482C /* monster005.png */ = {isa = PBXFileReference; lastKnownFileType = image.png; path = monster005.png; sourceTree = "<group>"; };
		0C4E441026481BED0048482C /* monster010.png */ = {isa = PBXFileReference; lastKnownFileType = image.png; path = monster010.png; sourceTree = "<group>"; };
		0C4E441126481BED0048482C /* monster004.png */ = {isa = PBXFileReference; lastKnownFileType = image.png; path = monster004.png; sourceTree = "<group>"; };
		0C4E441226481BED0048482C /* monster006.png */ = {isa = PBXFileReference; lastKnownFileType = image.png; path = monster006.png; sourceTree = "<group>"; };
		0C4E441326481BED0048482C /* monster007.png */ = {isa = PBXFileReference; lastKnownFileType = image.png; path = monster007.png; sourceTree = "<group>"; };
		0C4E441426481BED0048482C /* monster003.png */ = {isa = PBXFileReference; lastKnownFileType = image.png; path = monster003.png; sourceTree = "<group>"; };
		0C4E441526481BED0048482C /* monster002.png */ = {isa = PBXFileReference; lastKnownFileType = image.png; path = monster002.png; sourceTree = "<group>"; };
		0C4E441626481BED0048482C /* monster001.png */ = {isa = PBXFileReference; lastKnownFileType = image.png; path = monster001.png; sourceTree = "<group>"; };
		0C4E441726481BED0048482C /* monster009.png */ = {isa = PBXFileReference; lastKnownFileType = image.png; path = monster009.png; sourceTree = "<group>"; };
		0C4E441826481BED0048482C /* monster008.png */ = {isa = PBXFileReference; lastKnownFileType = image.png; path = monster008.png; sourceTree = "<group>"; };
		0C4E442726481E1E0048482C /* ResultViewController.swift */ = {isa = PBXFileReference; lastKnownFileType = sourcecode.swift; path = ResultViewController.swift; sourceTree = "<group>"; };
/* End PBXFileReference section */

/* Begin PBXFrameworksBuildPhase section */
		0C4E43D226481B6D0048482C /* Frameworks */ = {
			isa = PBXFrameworksBuildPhase;
			buildActionMask = 2147483647;
			files = (
			);
			runOnlyForDeploymentPostprocessing = 0;
		};
		0C4E43E826481B6F0048482C /* Frameworks */ = {
			isa = PBXFrameworksBuildPhase;
			buildActionMask = 2147483647;
			files = (
			);
			runOnlyForDeploymentPostprocessing = 0;
		};
		0C4E43F326481B6F0048482C /* Frameworks */ = {
			isa = PBXFrameworksBuildPhase;
			buildActionMask = 2147483647;
			files = (
			);
			runOnlyForDeploymentPostprocessing = 0;
		};
/* End PBXFrameworksBuildPhase section */

/* Begin PBXGroup section */
		0C4E43CC26481B6D0048482C = {
			isa = PBXGroup;
			children = (
				0C4E43D726481B6D0048482C /* Gacha */,
				0C4E43EE26481B6F0048482C /* GachaTests */,
				0C4E43F926481B6F0048482C /* GachaUITests */,
				0C4E43D626481B6D0048482C /* Products */,
			);
			sourceTree = "<group>";
		};
		0C4E43D626481B6D0048482C /* Products */ = {
			isa = PBXGroup;
			children = (
				0C4E43D526481B6D0048482C /* Gacha.app */,
				0C4E43EB26481B6F0048482C /* GachaTests.xctest */,
				0C4E43F626481B6F0048482C /* GachaUITests.xctest */,
			);
			name = Products;
			sourceTree = "<group>";
		};
		0C4E43D726481B6D0048482C /* Gacha */ = {
			isa = PBXGroup;
			children = (
				0C4E440826481BED0048482C /* GachaResources */,
				0C4E43D826481B6D0048482C /* AppDelegate.swift */,
				0C4E43DA26481B6D0048482C /* SceneDelegate.swift */,
				0C4E43DC26481B6D0048482C /* ViewController.swift */,
				0C4E43DE26481B6D0048482C /* Main.storyboard */,
				0C4E43E126481B6F0048482C /* Assets.xcassets */,
				0C4E43E326481B6F0048482C /* LaunchScreen.storyboard */,
				0C4E43E626481B6F0048482C /* Info.plist */,
				0C4E442726481E1E0048482C /* ResultViewController.swift */,
			);
			path = Gacha;
			sourceTree = "<group>";
		};
		0C4E43EE26481B6F0048482C /* GachaTests */ = {
			isa = PBXGroup;
			children = (
				0C4E43EF26481B6F0048482C /* GachaTests.swift */,
				0C4E43F126481B6F0048482C /* Info.plist */,
			);
			path = GachaTests;
			sourceTree = "<group>";
		};
		0C4E43F926481B6F0048482C /* GachaUITests */ = {
			isa = PBXGroup;
			children = (
				0C4E43FA26481B6F0048482C /* GachaUITests.swift */,
				0C4E43FC26481B6F0048482C /* Info.plist */,
			);
			path = GachaUITests;
			sourceTree = "<group>";
		};
		0C4E440826481BED0048482C /* GachaResources */ = {
			isa = PBXGroup;
			children = (
				0C4E440926481BED0048482C /* background */,
				0C4E440E26481BED0048482C /* monster */,
			);
			path = GachaResources;
			sourceTree = "<group>";
		};
		0C4E440926481BED0048482C /* background */ = {
			isa = PBXGroup;
			children = (
				0C4E440A26481BED0048482C /* bg_blue@2x.png */,
				0C4E440B26481BED0048482C /* bg_gold@2x.png */,
				0C4E440C26481BED0048482C /* gacha@2x.png */,
				0C4E440D26481BED0048482C /* bg_red@2x.png */,
			);
			path = background;
			sourceTree = "<group>";
		};
		0C4E440E26481BED0048482C /* monster */ = {
			isa = PBXGroup;
			children = (
				0C4E440F26481BED0048482C /* monster005.png */,
				0C4E441026481BED0048482C /* monster010.png */,
				0C4E441126481BED0048482C /* monster004.png */,
				0C4E441226481BED0048482C /* monster006.png */,
				0C4E441326481BED0048482C /* monster007.png */,
				0C4E441426481BED0048482C /* monster003.png */,
				0C4E441526481BED0048482C /* monster002.png */,
				0C4E441626481BED0048482C /* monster001.png */,
				0C4E441726481BED0048482C /* monster009.png */,
				0C4E441826481BED0048482C /* monster008.png */,
			);
			path = monster;
			sourceTree = "<group>";
		};
/* End PBXGroup section */

/* Begin PBXNativeTarget section */
		0C4E43D426481B6D0048482C /* Gacha */ = {
			isa = PBXNativeTarget;
			buildConfigurationList = 0C4E43FF26481B6F0048482C /* Build configuration list for PBXNativeTarget "Gacha" */;
			buildPhases = (
				0C4E43D126481B6D0048482C /* Sources */,
				0C4E43D226481B6D0048482C /* Frameworks */,
				0C4E43D326481B6D0048482C /* Resources */,
			);
			buildRules = (
			);
			dependencies = (
			);
			name = Gacha;
			productName = Gacha;
			productReference = 0C4E43D526481B6D0048482C /* Gacha.app */;
			productType = "com.apple.product-type.application";
		};
		0C4E43EA26481B6F0048482C /* GachaTests */ = {
			isa = PBXNativeTarget;
			buildConfigurationList = 0C4E440226481B6F0048482C /* Build configuration list for PBXNativeTarget "GachaTests" */;
			buildPhases = (
				0C4E43E726481B6F0048482C /* Sources */,
				0C4E43E826481B6F0048482C /* Frameworks */,
				0C4E43E926481B6F0048482C /* Resources */,
			);
			buildRules = (
			);
			dependencies = (
				0C4E43ED26481B6F0048482C /* PBXTargetDependency */,
			);
			name = GachaTests;
			productName = GachaTests;
			productReference = 0C4E43EB26481B6F0048482C /* GachaTests.xctest */;
			productType = "com.apple.product-type.bundle.unit-test";
		};
		0C4E43F526481B6F0048482C /* GachaUITests */ = {
			isa = PBXNativeTarget;
			buildConfigurationList = 0C4E440526481B6F0048482C /* Build configuration list for PBXNativeTarget "GachaUITests" */;
			buildPhases = (
				0C4E43F226481B6F0048482C /* Sources */,
				0C4E43F326481B6F0048482C /* Frameworks */,
				0C4E43F426481B6F0048482C /* Resources */,
			);
			buildRules = (
			);
			dependencies = (
				0C4E43F826481B6F0048482C /* PBXTargetDependency */,
			);
			name = GachaUITests;
			productName = GachaUITests;
			productReference = 0C4E43F626481B6F0048482C /* GachaUITests.xctest */;
			productType = "com.apple.product-type.bundle.ui-testing";
		};
/* End PBXNativeTarget section */

/* Begin PBXProject section */
		0C4E43CD26481B6D0048482C /* Project object */ = {
			isa = PBXProject;
			attributes = {
				LastSwiftUpdateCheck = 1250;
				LastUpgradeCheck = 1250;
				TargetAttributes = {
					0C4E43D426481B6D0048482C = {
						CreatedOnToolsVersion = 12.5;
					};
					0C4E43EA26481B6F0048482C = {
						CreatedOnToolsVersion = 12.5;
						TestTargetID = 0C4E43D426481B6D0048482C;
					};
					0C4E43F526481B6F0048482C = {
						CreatedOnToolsVersion = 12.5;
						TestTargetID = 0C4E43D426481B6D0048482C;
					};
				};
			};
			buildConfigurationList = 0C4E43D026481B6D0048482C /* Build configuration list for PBXProject "Gacha" */;
			compatibilityVersion = "Xcode 9.3";
			developmentRegion = en;
			hasScannedForEncodings = 0;
			knownRegions = (
				en,
				Base,
			);
			mainGroup = 0C4E43CC26481B6D0048482C;
			productRefGroup = 0C4E43D626481B6D0048482C /* Products */;
			projectDirPath = "";
			projectRoot = "";
			targets = (
				0C4E43D426481B6D0048482C /* Gacha */,
				0C4E43EA26481B6F0048482C /* GachaTests */,
				0C4E43F526481B6F0048482C /* GachaUITests */,
			);
		};
/* End PBXProject section */

/* Begin PBXResourcesBuildPhase section */
		0C4E43D326481B6D0048482C /* Resources */ = {
			isa = PBXResourcesBuildPhase;
			buildActionMask = 2147483647;
			files = (
				0C4E441C26481BED0048482C /* bg_red@2x.png in Resources */,
				0C4E43E526481B6F0048482C /* LaunchScreen.storyboard in Resources */,
				0C4E442526481BED0048482C /* monster009.png in Resources */,
				0C4E441A26481BED0048482C /* bg_gold@2x.png in Resources */,
				0C4E442226481BED0048482C /* monster003.png in Resources */,
				0C4E442426481BED0048482C /* monster001.png in Resources */,
				0C4E442626481BED0048482C /* monster008.png in Resources */,
				0C4E43E226481B6F0048482C /* Assets.xcassets in Resources */,
				0C4E442126481BED0048482C /* monster007.png in Resources */,
				0C4E441B26481BED0048482C /* gacha@2x.png in Resources */,
				0C4E442326481BED0048482C /* monster002.png in Resources */,
				0C4E43E026481B6D0048482C /* Main.storyboard in Resources */,
				0C4E441E26481BED0048482C /* monster010.png in Resources */,
				0C4E442026481BED0048482C /* monster006.png in Resources */,
				0C4E441D26481BED0048482C /* monster005.png in Resources */,
				0C4E441926481BED0048482C /* bg_blue@2x.png in Resources */,
				0C4E441F26481BED0048482C /* monster004.png in Resources */,
			);
			runOnlyForDeploymentPostprocessing = 0;
		};
		0C4E43E926481B6F0048482C /* Resources */ = {
			isa = PBXResourcesBuildPhase;
			buildActionMask = 2147483647;
			files = (
			);
			runOnlyForDeploymentPostprocessing = 0;
		};
		0C4E43F426481B6F0048482C /* Resources */ = {
			isa = PBXResourcesBuildPhase;
			buildActionMask = 2147483647;
			files = (
			);
			runOnlyForDeploymentPostprocessing = 0;
		};
/* End PBXResourcesBuildPhase section */

/* Begin PBXSourcesBuildPhase section */
		0C4E43D126481B6D0048482C /* Sources */ = {
			isa = PBXSourcesBuildPhase;
			buildActionMask = 2147483647;
			files = (
				0C4E43DD26481B6D0048482C /* ViewController.swift in Sources */,
				0C4E43D926481B6D0048482C /* AppDelegate.swift in Sources */,
				0C4E43DB26481B6D0048482C /* SceneDelegate.swift in Sources */,
				0C4E442826481E1E0048482C /* ResultViewController.swift in Sources */,
			);
			runOnlyForDeploymentPostprocessing = 0;
		};
		0C4E43E726481B6F0048482C /* Sources */ = {
			isa = PBXSourcesBuildPhase;
			buildActionMask = 2147483647;
			files = (
				0C4E43F026481B6F0048482C /* GachaTests.swift in Sources */,
			);
			runOnlyForDeploymentPostprocessing = 0;
		};
		0C4E43F226481B6F0048482C /* Sources */ = {
			isa = PBXSourcesBuildPhase;
			buildActionMask = 2147483647;
			files = (
				0C4E43FB26481B6F0048482C /* GachaUITests.swift in Sources */,
			);
			runOnlyForDeploymentPostprocessing = 0;
		};
/* End PBXSourcesBuildPhase section */

/* Begin PBXTargetDependency section */
		0C4E43ED26481B6F0048482C /* PBXTargetDependency */ = {
			isa = PBXTargetDependency;
			target = 0C4E43D426481B6D0048482C /* Gacha */;
			targetProxy = 0C4E43EC26481B6F0048482C /* PBXContainerItemProxy */;
		};
		0C4E43F826481B6F0048482C /* PBXTargetDependency */ = {
			isa = PBXTargetDependency;
			target = 0C4E43D426481B6D0048482C /* Gacha */;
			targetProxy = 0C4E43F726481B6F0048482C /* PBXContainerItemProxy */;
		};
/* End PBXTargetDependency section */

/* Begin PBXVariantGroup section */
		0C4E43DE26481B6D0048482C /* Main.storyboard */ = {
			isa = PBXVariantGroup;
			children = (
				0C4E43DF26481B6D0048482C /* Base */,
			);
			name = Main.storyboard;
			sourceTree = "<group>";
		};
		0C4E43E326481B6F0048482C /* LaunchScreen.storyboard */ = {
			isa = PBXVariantGroup;
			children = (
				0C4E43E426481B6F0048482C /* Base */,
			);
			name = LaunchScreen.storyboard;
			sourceTree = "<group>";
		};
/* End PBXVariantGroup section */

/* Begin XCBuildConfiguration section */
		0C4E43FD26481B6F0048482C /* Debug */ = {
			isa = XCBuildConfiguration;
			buildSettings = {
				ALWAYS_SEARCH_USER_PATHS = NO;
				CLANG_ANALYZER_NONNULL = YES;
				CLANG_ANALYZER_NUMBER_OBJECT_CONVERSION = YES_AGGRESSIVE;
				CLANG_CXX_LANGUAGE_STANDARD = "gnu++14";
				CLANG_CXX_LIBRARY = "libc++";
				CLANG_ENABLE_MODULES = YES;
				CLANG_ENABLE_OBJC_ARC = YES;
				CLANG_ENABLE_OBJC_WEAK = YES;
				CLANG_WARN_BLOCK_CAPTURE_AUTORELEASING = YES;
				CLANG_WARN_BOOL_CONVERSION = YES;
				CLANG_WARN_COMMA = YES;
				CLANG_WARN_CONSTANT_CONVERSION = YES;
				CLANG_WARN_DEPRECATED_OBJC_IMPLEMENTATIONS = YES;
				CLANG_WARN_DIRECT_OBJC_ISA_USAGE = YES_ERROR;
				CLANG_WARN_DOCUMENTATION_COMMENTS = YES;
				CLANG_WARN_EMPTY_BODY = YES;
				CLANG_WARN_ENUM_CONVERSION = YES;
				CLANG_WARN_INFINITE_RECURSION = YES;
				CLANG_WARN_INT_CONVERSION = YES;
				CLANG_WARN_NON_LITERAL_NULL_CONVERSION = YES;
				CLANG_WARN_OBJC_IMPLICIT_RETAIN_SELF = YES;
				CLANG_WARN_OBJC_LITERAL_CONVERSION = YES;
				CLANG_WARN_OBJC_ROOT_CLASS = YES_ERROR;
				CLANG_WARN_QUOTED_INCLUDE_IN_FRAMEWORK_HEADER = YES;
				CLANG_WARN_RANGE_LOOP_ANALYSIS = YES;
				CLANG_WARN_STRICT_PROTOTYPES = YES;
				CLANG_WARN_SUSPICIOUS_MOVE = YES;
				CLANG_WARN_UNGUARDED_AVAILABILITY = YES_AGGRESSIVE;
				CLANG_WARN_UNREACHABLE_CODE = YES;
				CLANG_WARN__DUPLICATE_METHOD_MATCH = YES;
				COPY_PHASE_STRIP = NO;
				DEBUG_INFORMATION_FORMAT = dwarf;
				ENABLE_STRICT_OBJC_MSGSEND = YES;
				ENABLE_TESTABILITY = YES;
				GCC_C_LANGUAGE_STANDARD = gnu11;
				GCC_DYNAMIC_NO_PIC = NO;
				GCC_NO_COMMON_BLOCKS = YES;
				GCC_OPTIMIZATION_LEVEL = 0;
				GCC_PREPROCESSOR_DEFINITIONS = (
					"DEBUG=1",
					"$(inherited)",
				);
				GCC_WARN_64_TO_32_BIT_CONVERSION = YES;
				GCC_WARN_ABOUT_RETURN_TYPE = YES_ERROR;
				GCC_WARN_UNDECLARED_SELECTOR = YES;
				GCC_WARN_UNINITIALIZED_AUTOS = YES_AGGRESSIVE;
				GCC_WARN_UNUSED_FUNCTION = YES;
				GCC_WARN_UNUSED_VARIABLE = YES;
				IPHONEOS_DEPLOYMENT_TARGET = 14.5;
				MTL_ENABLE_DEBUG_INFO = INCLUDE_SOURCE;
				MTL_FAST_MATH = YES;
				ONLY_ACTIVE_ARCH = YES;
				SDKROOT = iphoneos;
				SWIFT_ACTIVE_COMPILATION_CONDITIONS = DEBUG;
				SWIFT_OPTIMIZATION_LEVEL = "-Onone";
			};
			name = Debug;
		};
		0C4E43FE26481B6F0048482C /* Release */ = {
			isa = XCBuildConfiguration;
			buildSettings = {
				ALWAYS_SEARCH_USER_PATHS = NO;
				CLANG_ANALYZER_NONNULL = YES;
				CLANG_ANALYZER_NUMBER_OBJECT_CONVERSION = YES_AGGRESSIVE;
				CLANG_CXX_LANGUAGE_STANDARD = "gnu++14";
				CLANG_CXX_LIBRARY = "libc++";
				CLANG_ENABLE_MODULES = YES;
				CLANG_ENABLE_OBJC_ARC = YES;
				CLANG_ENABLE_OBJC_WEAK = YES;
				CLANG_WARN_BLOCK_CAPTURE_AUTORELEASING = YES;
				CLANG_WARN_BOOL_CONVERSION = YES;
				CLANG_WARN_COMMA = YES;
				CLANG_WARN_CONSTANT_CONVERSION = YES;
				CLANG_WARN_DEPRECATED_OBJC_IMPLEMENTATIONS = YES;
				CLANG_WARN_DIRECT_OBJC_ISA_USAGE = YES_ERROR;
				CLANG_WARN_DOCUMENTATION_COMMENTS = YES;
				CLANG_WARN_EMPTY_BODY = YES;
				CLANG_WARN_ENUM_CONVERSION = YES;
				CLANG_WARN_INFINITE_RECURSION = YES;
				CLANG_WARN_INT_CONVERSION = YES;
				CLANG_WARN_NON_LITERAL_NULL_CONVERSION = YES;
				CLANG_WARN_OBJC_IMPLICIT_RETAIN_SELF = YES;
				CLANG_WARN_OBJC_LITERAL_CONVERSION = YES;
				CLANG_WARN_OBJC_ROOT_CLASS = YES_ERROR;
				CLANG_WARN_QUOTED_INCLUDE_IN_FRAMEWORK_HEADER = YES;
				CLANG_WARN_RANGE_LOOP_ANALYSIS = YES;
				CLANG_WARN_STRICT_PROTOTYPES = YES;
				CLANG_WARN_SUSPICIOUS_MOVE = YES;
				CLANG_WARN_UNGUARDED_AVAILABILITY = YES_AGGRESSIVE;
				CLANG_WARN_UNREACHABLE_CODE = YES;
				CLANG_WARN__DUPLICATE_METHOD_MATCH = YES;
				COPY_PHASE_STRIP = NO;
				DEBUG_INFORMATION_FORMAT = "dwarf-with-dsym";
				ENABLE_NS_ASSERTIONS = NO;
				ENABLE_STRICT_OBJC_MSGSEND = YES;
				GCC_C_LANGUAGE_STANDARD = gnu11;
				GCC_NO_COMMON_BLOCKS = YES;
				GCC_WARN_64_TO_32_BIT_CONVERSION = YES;
				GCC_WARN_ABOUT_RETURN_TYPE = YES_ERROR;
				GCC_WARN_UNDECLARED_SELECTOR = YES;
				GCC_WARN_UNINITIALIZED_AUTOS = YES_AGGRESSIVE;
				GCC_WARN_UNUSED_FUNCTION = YES;
				GCC_WARN_UNUSED_VARIABLE = YES;
				IPHONEOS_DEPLOYMENT_TARGET = 14.5;
				MTL_ENABLE_DEBUG_INFO = NO;
				MTL_FAST_MATH = YES;
				SDKROOT = iphoneos;
				SWIFT_COMPILATION_MODE = wholemodule;
				SWIFT_OPTIMIZATION_LEVEL = "-O";
				VALIDATE_PRODUCT = YES;
			};
			name = Release;
		};
		0C4E440026481B6F0048482C /* Debug */ = {
			isa = XCBuildConfiguration;
			buildSettings = {
				ASSETCATALOG_COMPILER_APPICON_NAME = AppIcon;
				ASSETCATALOG_COMPILER_GLOBAL_ACCENT_COLOR_NAME = AccentColor;
				CODE_SIGN_STYLE = Automatic;
				INFOPLIST_FILE = Gacha/Info.plist;
				LD_RUNPATH_SEARCH_PATHS = (
					"$(inherited)",
					"@executable_path/Frameworks",
				);
				PRODUCT_BUNDLE_IDENTIFIER = app.yamada.yamarin.Gacha;
				PRODUCT_NAME = "$(TARGET_NAME)";
				SWIFT_VERSION = 5.0;
				TARGETED_DEVICE_FAMILY = "1,2";
			};
			name = Debug;
		};
		0C4E440126481B6F0048482C /* Release */ = {
			isa = XCBuildConfiguration;
			buildSettings = {
				ASSETCATALOG_COMPILER_APPICON_NAME = AppIcon;
				ASSETCATALOG_COMPILER_GLOBAL_ACCENT_COLOR_NAME = AccentColor;
				CODE_SIGN_STYLE = Automatic;
				INFOPLIST_FILE = Gacha/Info.plist;
				LD_RUNPATH_SEARCH_PATHS = (
					"$(inherited)",
					"@executable_path/Frameworks",
				);
				PRODUCT_BUNDLE_IDENTIFIER = app.yamada.yamarin.Gacha;
				PRODUCT_NAME = "$(TARGET_NAME)";
				SWIFT_VERSION = 5.0;
				TARGETED_DEVICE_FAMILY = "1,2";
			};
			name = Release;
		};
		0C4E440326481B6F0048482C /* Debug */ = {
			isa = XCBuildConfiguration;
			buildSettings = {
				ALWAYS_EMBED_SWIFT_STANDARD_LIBRARIES = YES;
				BUNDLE_LOADER = "$(TEST_HOST)";
				CODE_SIGN_STYLE = Automatic;
				INFOPLIST_FILE = GachaTests/Info.plist;
				IPHONEOS_DEPLOYMENT_TARGET = 14.5;
				LD_RUNPATH_SEARCH_PATHS = (
					"$(inherited)",
					"@executable_path/Frameworks",
					"@loader_path/Frameworks",
				);
				PRODUCT_BUNDLE_IDENTIFIER = app.yamada.yamarin.GachaTests;
				PRODUCT_NAME = "$(TARGET_NAME)";
				SWIFT_VERSION = 5.0;
				TARGETED_DEVICE_FAMILY = "1,2";
				TEST_HOST = "$(BUILT_PRODUCTS_DIR)/Gacha.app/Gacha";
			};
			name = Debug;
		};
		0C4E440426481B6F0048482C /* Release */ = {
			isa = XCBuildConfiguration;
			buildSettings = {
				ALWAYS_EMBED_SWIFT_STANDARD_LIBRARIES = YES;
				BUNDLE_LOADER = "$(TEST_HOST)";
				CODE_SIGN_STYLE = Automatic;
				INFOPLIST_FILE = GachaTests/Info.plist;
				IPHONEOS_DEPLOYMENT_TARGET = 14.5;
				LD_RUNPATH_SEARCH_PATHS = (
					"$(inherited)",
					"@executable_path/Frameworks",
					"@loader_path/Frameworks",
				);
				PRODUCT_BUNDLE_IDENTIFIER = app.yamada.yamarin.GachaTests;
				PRODUCT_NAME = "$(TARGET_NAME)";
				SWIFT_VERSION = 5.0;
				TARGETED_DEVICE_FAMILY = "1,2";
				TEST_HOST = "$(BUILT_PRODUCTS_DIR)/Gacha.app/Gacha";
			};
			name = Release;
		};
		0C4E440626481B6F0048482C /* Debug */ = {
			isa = XCBuildConfiguration;
			buildSettings = {
				ALWAYS_EMBED_SWIFT_STANDARD_LIBRARIES = YES;
				CODE_SIGN_STYLE = Automatic;
				INFOPLIST_FILE = GachaUITests/Info.plist;
				LD_RUNPATH_SEARCH_PATHS = (
					"$(inherited)",
					"@executable_path/Frameworks",
					"@loader_path/Frameworks",
				);
				PRODUCT_BUNDLE_IDENTIFIER = app.yamada.yamarin.GachaUITests;
				PRODUCT_NAME = "$(TARGET_NAME)";
				SWIFT_VERSION = 5.0;
				TARGETED_DEVICE_FAMILY = "1,2";
				TEST_TARGET_NAME = Gacha;
			};
			name = Debug;
		};
		0C4E440726481B6F0048482C /* Release */ = {
			isa = XCBuildConfiguration;
			buildSettings = {
				ALWAYS_EMBED_SWIFT_STANDARD_LIBRARIES = YES;
				CODE_SIGN_STYLE = Automatic;
				INFOPLIST_FILE = GachaUITests/Info.plist;
				LD_RUNPATH_SEARCH_PATHS = (
					"$(inherited)",
					"@executable_path/Frameworks",
					"@loader_path/Frameworks",
				);
				PRODUCT_BUNDLE_IDENTIFIER = app.yamada.yamarin.GachaUITests;
				PRODUCT_NAME = "$(TARGET_NAME)";
				SWIFT_VERSION = 5.0;
				TARGETED_DEVICE_FAMILY = "1,2";
				TEST_TARGET_NAME = Gacha;
			};
			name = Release;
		};
/* End XCBuildConfiguration section */

/* Begin XCConfigurationList section */
		0C4E43D026481B6D0048482C /* Build configuration list for PBXProject "Gacha" */ = {
			isa = XCConfigurationList;
			buildConfigurations = (
				0C4E43FD26481B6F0048482C /* Debug */,
				0C4E43FE26481B6F0048482C /* Release */,
			);
			defaultConfigurationIsVisible = 0;
			defaultConfigurationName = Release;
		};
		0C4E43FF26481B6F0048482C /* Build configuration list for PBXNativeTarget "Gacha" */ = {
			isa = XCConfigurationList;
			buildConfigurations = (
				0C4E440026481B6F0048482C /* Debug */,
				0C4E440126481B6F0048482C /* Release */,
			);
			defaultConfigurationIsVisible = 0;
			defaultConfigurationName = Release;
		};
		0C4E440226481B6F0048482C /* Build configuration list for PBXNativeTarget "GachaTests" */ = {
			isa = XCConfigurationList;
			buildConfigurations = (
				0C4E440326481B6F0048482C /* Debug */,
				0C4E440426481B6F0048482C /* Release */,
			);
			defaultConfigurationIsVisible = 0;
			defaultConfigurationName = Release;
		};
		0C4E440526481B6F0048482C /* Build configuration list for PBXNativeTarget "GachaUITests" */ = {
			isa = XCConfigurationList;
			buildConfigurations = (
				0C4E440626481B6F0048482C /* Debug */,
				0C4E440726481B6F0048482C /* Release */,
			);
			defaultConfigurationIsVisible = 0;
			defaultConfigurationName = Release;
		};
/* End XCConfigurationList section */
	};
	rootObject = 0C4E43CD26481B6D0048482C /* Project object */;
}
